// !$*UTF8*$!
{
	archiveVersion = 1;
	classes = {
	};
	objectVersion = 56;
	objects = {

/* Begin PBXBuildFile section */
		0E893B61F5093C87FDE79D69 /* CallLogListView.swift in Sources */ = {isa = PBXBuildFile; fileRef = CCA8C77E212609C0F89C2ADC /* CallLogListView.swift */; };
		1A2B3C4D2B1E5F6701234567 /* MonicaClientApp.swift in Sources */ = {isa = PBXBuildFile; fileRef = 1A2B3C4C2B1E5F6701234567 /* MonicaClientApp.swift */; };
		1A2B3C4F2B1E5F6701234567 /* ContentView.swift in Sources */ = {isa = PBXBuildFile; fileRef = 1A2B3C4E2B1E5F6701234567 /* ContentView.swift */; };
		1A2B3C512B1E5F6901234567 /* Assets.xcassets in Resources */ = {isa = PBXBuildFile; fileRef = 1A2B3C502B1E5F6901234567 /* Assets.xcassets */; };
		1A2B3C542B1E5F6901234567 /* Preview Assets.xcassets in Resources */ = {isa = PBXBuildFile; fileRef = 1A2B3C532B1E5F6901234567 /* Preview Assets.xcassets */; };
		1A2B3C5B2B1E5F7A01234567 /* MonicaAPIClient.swift in Sources */ = {isa = PBXBuildFile; fileRef = 1A2B3C5A2B1E5F7A01234567 /* MonicaAPIClient.swift */; };
		1A2B3C5D2B1E5F8501234567 /* Contact.swift in Sources */ = {isa = PBXBuildFile; fileRef = 1A2B3C5C2B1E5F8501234567 /* Contact.swift */; };
		1A2B3C5F2B1E5F9001234567 /* AuthenticationManager.swift in Sources */ = {isa = PBXBuildFile; fileRef = 1A2B3C5E2B1E5F9001234567 /* AuthenticationManager.swift */; };
		1A2B3C612B1E5F9B01234567 /* ContactsListView.swift in Sources */ = {isa = PBXBuildFile; fileRef = 1A2B3C602B1E5F9B01234567 /* ContactsListView.swift */; };
		1A2B3C632B1E5FA601234567 /* ContactDetailView.swift in Sources */ = {isa = PBXBuildFile; fileRef = 1A2B3C622B1E5FA601234567 /* ContactDetailView.swift */; };
		1A2B3C652B1E5FB101234567 /* LoginView.swift in Sources */ = {isa = PBXBuildFile; fileRef = 1A2B3C642B1E5FB101234567 /* LoginView.swift */; };
		1A2B3C672B1E5FBC01234567 /* DataController.swift in Sources */ = {isa = PBXBuildFile; fileRef = 1A2B3C662B1E5FBC01234567 /* DataController.swift */; };
		1A2B3C692B1E5FC701234567 /* MonicaClient.xcdatamodeld in Resources */ = {isa = PBXBuildFile; fileRef = 1A2B3C682B1E5FC701234567 /* MonicaClient.xcdatamodeld */; };
		1A2B3C6B2B1E5FD201234567 /* SyncManager.swift in Sources */ = {isa = PBXBuildFile; fileRef = 1A2B3C6A2B1E5FD201234567 /* SyncManager.swift */; };
		1A2B3C6D2B1E5FDD01234567 /* KeychainManager.swift in Sources */ = {isa = PBXBuildFile; fileRef = 1A2B3C6C2B1E5FDD01234567 /* KeychainManager.swift */; };
		1A2B3C6F2B1E5FEE01234567 /* ContactEntity+CoreDataClass.swift in Sources */ = {isa = PBXBuildFile; fileRef = 1A2B3C6E2B1E5FEE01234567 /* ContactEntity+CoreDataClass.swift */; };
		1A2B3C712B1E5FF901234567 /* ContactEntity+CoreDataProperties.swift in Sources */ = {isa = PBXBuildFile; fileRef = 1A2B3C702B1E5FF901234567 /* ContactEntity+CoreDataProperties.swift */; };
		241B7F3235805C76CCB46367 /* CallLogEntity+CoreDataProperties.swift in Sources */ = {isa = PBXBuildFile; fileRef = 910D5A127D5777A8CE22E373 /* CallLogEntity+CoreDataProperties.swift */; };
		29120D965A06242FD7FAF8D6 /* CallLogViewModel.swift in Sources */ = {isa = PBXBuildFile; fileRef = 1C2CAD1CE78A3403F6B3A06C /* CallLogViewModel.swift */; };
		3B1CB61F2749BE0720AC10C3 /* CallLogFormView.swift in Sources */ = {isa = PBXBuildFile; fileRef = 21E448CEEAD1A6020DAF0B52 /* CallLogFormView.swift */; };
		8AE7BDD3D84FF3AA3FD4C56D /* CallLogStorage.swift in Sources */ = {isa = PBXBuildFile; fileRef = F04370B2505784C419C296B3 /* CallLogStorage.swift */; };
		AC5AD08D9A393E570B4C3A02 /* CallLogAPIService.swift in Sources */ = {isa = PBXBuildFile; fileRef = 1BBCAC5606D6009F4464B260 /* CallLogAPIService.swift */; };
		B7BD39F12ECD7791005A016F /* ContactFieldsManagementView.swift in Sources */ = {isa = PBXBuildFile; fileRef = B7BD39DE2ECD7790005A016F /* ContactFieldsManagementView.swift */; };
		B7BD39F62ECD7791005A016F /* ContactAvatar.swift in Sources */ = {isa = PBXBuildFile; fileRef = B7BD39DD2ECD7790005A016F /* ContactAvatar.swift */; };
		B7BD39F82ECD7791005A016F /* RemindersListView.swift in Sources */ = {isa = PBXBuildFile; fileRef = B7BD39E72ECD7790005A016F /* RemindersListView.swift */; };
		B7BD39F92ECD7791005A016F /* SettingsView.swift in Sources */ = {isa = PBXBuildFile; fileRef = B7BD39EB2ECD7790005A016F /* SettingsView.swift */; };
		B7BD3A052ECD781E005A016F /* Reminder.swift in Sources */ = {isa = PBXBuildFile; fileRef = B7BD3A032ECD781E005A016F /* Reminder.swift */; };
		B7BD3A0D2ECD7A45005A016F /* Gift.swift in Sources */ = {isa = PBXBuildFile; fileRef = B7BD3A0B2ECD7A45005A016F /* Gift.swift */; };
		B7BD3A0E2ECD7A45005A016F /* Task.swift in Sources */ = {isa = PBXBuildFile; fileRef = B7BD3A0C2ECD7A45005A016F /* Task.swift */; };
		B7BD3A102ECD7A4F005A016F /* Note.swift in Sources */ = {isa = PBXBuildFile; fileRef = B7BD3A0F2ECD7A4F005A016F /* Note.swift */; };
		B7BD3A122ECD7A7C005A016F /* APIResponse.swift in Sources */ = {isa = PBXBuildFile; fileRef = B7BD3A112ECD7A7C005A016F /* APIResponse.swift */; };
		B7BD3A142ECD7AC2005A016F /* AuthenticatedAsyncImage.swift in Sources */ = {isa = PBXBuildFile; fileRef = B7BD3A132ECD7AC2005A016F /* AuthenticatedAsyncImage.swift */; };
		B7BD3A162ECD7BE8005A016F /* Extensions.swift in Sources */ = {isa = PBXBuildFile; fileRef = B7BD3A152ECD7BE8005A016F /* Extensions.swift */; };
		B7BD3A182ECD7CBB005A016F /* Activity.swift in Sources */ = {isa = PBXBuildFile; fileRef = B7BD3A172ECD7CBB005A016F /* Activity.swift */; };
		B7BD3A252ED41C5B005A016F /* AddressViewModel.swift in Sources */ = {isa = PBXBuildFile; fileRef = B7BD3A1B2ED41C5B005A016F /* AddressViewModel.swift */; };
		B7BD3A262ED41C5B005A016F /* AddressListView.swift in Sources */ = {isa = PBXBuildFile; fileRef = B7BD3A1F2ED41C5B005A016F /* AddressListView.swift */; };
		B7BD3A272ED41C5B005A016F /* AddressFormView.swift in Sources */ = {isa = PBXBuildFile; fileRef = B7BD3A1E2ED41C5B005A016F /* AddressFormView.swift */; };
		B7BD3A282ED41C5B005A016F /* AddressFormViewModel.swift in Sources */ = {isa = PBXBuildFile; fileRef = B7BD3A1A2ED41C5B005A016F /* AddressFormViewModel.swift */; };
		B7BD3A292ED41C5B005A016F /* AddressMapView.swift in Sources */ = {isa = PBXBuildFile; fileRef = B7BD3A202ED41C5B005A016F /* AddressMapView.swift */; };
		B7BD3A2A2ED41C5B005A016F /* AddressEmptyStateView.swift in Sources */ = {isa = PBXBuildFile; fileRef = B7BD3A1D2ED41C5B005A016F /* AddressEmptyStateView.swift */; };
		B7BD3A2B2ED41C5B005A016F /* AddressRowView.swift in Sources */ = {isa = PBXBuildFile; fileRef = B7BD3A212ED41C5B005A016F /* AddressRowView.swift */; };
		B7BD3A2C2ED41C5B005A016F /* CountryPickerView.swift in Sources */ = {isa = PBXBuildFile; fileRef = B7BD3A222ED41C5B005A016F /* CountryPickerView.swift */; };
		B7BD3A2F2ED41C85005A016F /* Country.swift in Sources */ = {isa = PBXBuildFile; fileRef = B7BD3A2E2ED41C85005A016F /* Country.swift */; };
		B7BD3A302ED41C85005A016F /* Address.swift in Sources */ = {isa = PBXBuildFile; fileRef = B7BD3A2D2ED41C85005A016F /* Address.swift */; };
		B7BD3A322ED41CB3005A016F /* GeocodingService.swift in Sources */ = {isa = PBXBuildFile; fileRef = B7BD3A312ED41CB3005A016F /* GeocodingService.swift */; };
		B7BD3A342ED41CC0005A016F /* AddressFormatter.swift in Sources */ = {isa = PBXBuildFile; fileRef = B7BD3A332ED41CC0005A016F /* AddressFormatter.swift */; };
		B7BD3A352ED41CD0005A016F /* CacheService.swift in Sources */ = {isa = PBXBuildFile; fileRef = B7BD3A362ED41CD0005A016F /* CacheService.swift */; };
		B7BD3A372ED41CD0005A016F /* KeychainService.swift in Sources */ = {isa = PBXBuildFile; fileRef = B7BD3A382ED41CD0005A016F /* KeychainService.swift */; };
		B7BD3A392ED41CD0005A016F /* UserDefaultsService.swift in Sources */ = {isa = PBXBuildFile; fileRef = B7BD3A3A2ED41CD0005A016F /* UserDefaultsService.swift */; };
		EA801FD028219F338899892A /* CallLogRowView.swift in Sources */ = {isa = PBXBuildFile; fileRef = A403EE4E5BAA49C8CFA47C07 /* CallLogRowView.swift */; };
		F1FB6FF46432060B56870643 /* CallLog.swift in Sources */ = {isa = PBXBuildFile; fileRef = 0F0F930D08B7A237F1C0BE18 /* CallLog.swift */; };
		FC63C9DDF46775E23D95791D /* EmotionalState.swift in Sources */ = {isa = PBXBuildFile; fileRef = 24AD824B156B02A62A1E7F32 /* EmotionalState.swift */; };
		FE6618C5DA878D3BC7D6C67C /* CallLogEntity+CoreDataClass.swift in Sources */ = {isa = PBXBuildFile; fileRef = EA9C14D52460EB28BBEF4625 /* CallLogEntity+CoreDataClass.swift */; };
/* End PBXBuildFile section */

/* Begin PBXFileReference section */
		0F0F930D08B7A237F1C0BE18 /* CallLog.swift */ = {isa = PBXFileReference; includeInIndex = 1; lastKnownFileType = sourcecode.swift; path = MonicaClient/Models/CallLog.swift; sourceTree = SOURCE_ROOT; };
		1A2B3C492B1E5F6701234567 /* MonicaClient.app */ = {isa = PBXFileReference; explicitFileType = wrapper.application; includeInIndex = 0; path = MonicaClient.app; sourceTree = BUILT_PRODUCTS_DIR; };
		1A2B3C4C2B1E5F6701234567 /* MonicaClientApp.swift */ = {isa = PBXFileReference; lastKnownFileType = sourcecode.swift; path = MonicaClientApp.swift; sourceTree = "<group>"; };
		1A2B3C4E2B1E5F6701234567 /* ContentView.swift */ = {isa = PBXFileReference; lastKnownFileType = sourcecode.swift; path = ContentView.swift; sourceTree = "<group>"; };
		1A2B3C502B1E5F6901234567 /* Assets.xcassets */ = {isa = PBXFileReference; lastKnownFileType = folder.assetcatalog; path = Assets.xcassets; sourceTree = "<group>"; };
		1A2B3C532B1E5F6901234567 /* Preview Assets.xcassets */ = {isa = PBXFileReference; lastKnownFileType = folder.assetcatalog; path = "Preview Assets.xcassets"; sourceTree = "<group>"; };
		1A2B3C5A2B1E5F7A01234567 /* MonicaAPIClient.swift */ = {isa = PBXFileReference; lastKnownFileType = sourcecode.swift; path = MonicaAPIClient.swift; sourceTree = "<group>"; };
		1A2B3C5C2B1E5F8501234567 /* Contact.swift */ = {isa = PBXFileReference; lastKnownFileType = sourcecode.swift; path = Contact.swift; sourceTree = "<group>"; };
		1A2B3C5E2B1E5F9001234567 /* AuthenticationManager.swift */ = {isa = PBXFileReference; lastKnownFileType = sourcecode.swift; path = AuthenticationManager.swift; sourceTree = "<group>"; };
		1A2B3C602B1E5F9B01234567 /* ContactsListView.swift */ = {isa = PBXFileReference; lastKnownFileType = sourcecode.swift; path = ContactsListView.swift; sourceTree = "<group>"; };
		1A2B3C622B1E5FA601234567 /* ContactDetailView.swift */ = {isa = PBXFileReference; lastKnownFileType = sourcecode.swift; path = ContactDetailView.swift; sourceTree = "<group>"; };
		1A2B3C642B1E5FB101234567 /* LoginView.swift */ = {isa = PBXFileReference; lastKnownFileType = sourcecode.swift; path = LoginView.swift; sourceTree = "<group>"; };
		1A2B3C662B1E5FBC01234567 /* DataController.swift */ = {isa = PBXFileReference; lastKnownFileType = sourcecode.swift; path = DataController.swift; sourceTree = "<group>"; };
		1A2B3C6A2B1E5FD201234567 /* SyncManager.swift */ = {isa = PBXFileReference; lastKnownFileType = sourcecode.swift; path = SyncManager.swift; sourceTree = "<group>"; };
		1A2B3C6C2B1E5FDD01234567 /* KeychainManager.swift */ = {isa = PBXFileReference; lastKnownFileType = sourcecode.swift; path = KeychainManager.swift; sourceTree = "<group>"; };
		1A2B3C6E2B1E5FE801234567 /* Info.plist */ = {isa = PBXFileReference; lastKnownFileType = text.plist.xml; path = Info.plist; sourceTree = "<group>"; };
		1A2B3C6E2B1E5FEE01234567 /* ContactEntity+CoreDataClass.swift */ = {isa = PBXFileReference; lastKnownFileType = sourcecode.swift; path = "ContactEntity+CoreDataClass.swift"; sourceTree = "<group>"; };
		1A2B3C702B1E5FF901234567 /* ContactEntity+CoreDataProperties.swift */ = {isa = PBXFileReference; lastKnownFileType = sourcecode.swift; path = "ContactEntity+CoreDataProperties.swift"; sourceTree = "<group>"; };
		1BBCAC5606D6009F4464B260 /* CallLogAPIService.swift */ = {isa = PBXFileReference; includeInIndex = 1; lastKnownFileType = sourcecode.swift; name = CallLogAPIService.swift; path = MonicaClient/Features/CallLogging/Services/CallLogAPIService.swift; sourceTree = SOURCE_ROOT; };
		1C2CAD1CE78A3403F6B3A06C /* CallLogViewModel.swift */ = {isa = PBXFileReference; includeInIndex = 1; lastKnownFileType = sourcecode.swift; path = MonicaClient/Features/CallLogging/ViewModels/CallLogViewModel.swift; sourceTree = SOURCE_ROOT; };
		21E448CEEAD1A6020DAF0B52 /* CallLogFormView.swift */ = {isa = PBXFileReference; includeInIndex = 1; lastKnownFileType = sourcecode.swift; path = MonicaClient/Features/CallLogging/Views/CallLogFormView.swift; sourceTree = SOURCE_ROOT; };
		24AD824B156B02A62A1E7F32 /* EmotionalState.swift */ = {isa = PBXFileReference; includeInIndex = 1; lastKnownFileType = sourcecode.swift; path = EmotionalState.swift; sourceTree = "<group>"; };
		910D5A127D5777A8CE22E373 /* CallLogEntity+CoreDataProperties.swift */ = {isa = PBXFileReference; includeInIndex = 1; lastKnownFileType = sourcecode.swift; path = "CallLogEntity+CoreDataProperties.swift"; sourceTree = "<group>"; };
		A403EE4E5BAA49C8CFA47C07 /* CallLogRowView.swift */ = {isa = PBXFileReference; includeInIndex = 1; lastKnownFileType = sourcecode.swift; path = MonicaClient/Features/CallLogging/Views/CallLogRowView.swift; sourceTree = SOURCE_ROOT; };
		B7BD39DD2ECD7790005A016F /* ContactAvatar.swift */ = {isa = PBXFileReference; lastKnownFileType = sourcecode.swift; path = ContactAvatar.swift; sourceTree = "<group>"; };
		B7BD39DE2ECD7790005A016F /* ContactFieldsManagementView.swift */ = {isa = PBXFileReference; lastKnownFileType = sourcecode.swift; path = ContactFieldsManagementView.swift; sourceTree = "<group>"; };
		B7BD39E72ECD7790005A016F /* RemindersListView.swift */ = {isa = PBXFileReference; lastKnownFileType = sourcecode.swift; path = RemindersListView.swift; sourceTree = "<group>"; };
		B7BD39EB2ECD7790005A016F /* SettingsView.swift */ = {isa = PBXFileReference; lastKnownFileType = sourcecode.swift; path = SettingsView.swift; sourceTree = "<group>"; };
		B7BD3A032ECD781E005A016F /* Reminder.swift */ = {isa = PBXFileReference; lastKnownFileType = sourcecode.swift; path = Reminder.swift; sourceTree = "<group>"; };
		B7BD3A0B2ECD7A45005A016F /* Gift.swift */ = {isa = PBXFileReference; lastKnownFileType = sourcecode.swift; path = Gift.swift; sourceTree = "<group>"; };
		B7BD3A0C2ECD7A45005A016F /* Task.swift */ = {isa = PBXFileReference; lastKnownFileType = sourcecode.swift; path = Task.swift; sourceTree = "<group>"; };
		B7BD3A0F2ECD7A4F005A016F /* Note.swift */ = {isa = PBXFileReference; lastKnownFileType = sourcecode.swift; path = Note.swift; sourceTree = "<group>"; };
		B7BD3A112ECD7A7C005A016F /* APIResponse.swift */ = {isa = PBXFileReference; lastKnownFileType = sourcecode.swift; path = APIResponse.swift; sourceTree = "<group>"; };
		B7BD3A132ECD7AC2005A016F /* AuthenticatedAsyncImage.swift */ = {isa = PBXFileReference; lastKnownFileType = sourcecode.swift; path = AuthenticatedAsyncImage.swift; sourceTree = "<group>"; };
		B7BD3A152ECD7BE8005A016F /* Extensions.swift */ = {isa = PBXFileReference; lastKnownFileType = sourcecode.swift; path = Extensions.swift; sourceTree = "<group>"; };
		B7BD3A172ECD7CBB005A016F /* Activity.swift */ = {isa = PBXFileReference; lastKnownFileType = sourcecode.swift; path = Activity.swift; sourceTree = "<group>"; };
		B7BD3A1A2ED41C5B005A016F /* AddressFormViewModel.swift */ = {isa = PBXFileReference; lastKnownFileType = sourcecode.swift; path = AddressFormViewModel.swift; sourceTree = "<group>"; };
		B7BD3A1B2ED41C5B005A016F /* AddressViewModel.swift */ = {isa = PBXFileReference; lastKnownFileType = sourcecode.swift; path = AddressViewModel.swift; sourceTree = "<group>"; };
		B7BD3A1D2ED41C5B005A016F /* AddressEmptyStateView.swift */ = {isa = PBXFileReference; lastKnownFileType = sourcecode.swift; path = AddressEmptyStateView.swift; sourceTree = "<group>"; };
		B7BD3A1E2ED41C5B005A016F /* AddressFormView.swift */ = {isa = PBXFileReference; lastKnownFileType = sourcecode.swift; path = AddressFormView.swift; sourceTree = "<group>"; };
		B7BD3A1F2ED41C5B005A016F /* AddressListView.swift */ = {isa = PBXFileReference; lastKnownFileType = sourcecode.swift; path = AddressListView.swift; sourceTree = "<group>"; };
		B7BD3A202ED41C5B005A016F /* AddressMapView.swift */ = {isa = PBXFileReference; lastKnownFileType = sourcecode.swift; path = AddressMapView.swift; sourceTree = "<group>"; };
		B7BD3A212ED41C5B005A016F /* AddressRowView.swift */ = {isa = PBXFileReference; lastKnownFileType = sourcecode.swift; path = AddressRowView.swift; sourceTree = "<group>"; };
		B7BD3A222ED41C5B005A016F /* CountryPickerView.swift */ = {isa = PBXFileReference; lastKnownFileType = sourcecode.swift; path = CountryPickerView.swift; sourceTree = "<group>"; };
		B7BD3A2D2ED41C85005A016F /* Address.swift */ = {isa = PBXFileReference; lastKnownFileType = sourcecode.swift; path = Address.swift; sourceTree = "<group>"; };
		B7BD3A2E2ED41C85005A016F /* Country.swift */ = {isa = PBXFileReference; lastKnownFileType = sourcecode.swift; path = Country.swift; sourceTree = "<group>"; };
		B7BD3A312ED41CB3005A016F /* GeocodingService.swift */ = {isa = PBXFileReference; lastKnownFileType = sourcecode.swift; path = GeocodingService.swift; sourceTree = "<group>"; };
		B7BD3A332ED41CC0005A016F /* AddressFormatter.swift */ = {isa = PBXFileReference; lastKnownFileType = sourcecode.swift; path = AddressFormatter.swift; sourceTree = "<group>"; };
		B7BD3A362ED41CD0005A016F /* CacheService.swift */ = {isa = PBXFileReference; lastKnownFileType = sourcecode.swift; path = CacheService.swift; sourceTree = "<group>"; };
		B7BD3A382ED41CD0005A016F /* KeychainService.swift */ = {isa = PBXFileReference; lastKnownFileType = sourcecode.swift; path = KeychainService.swift; sourceTree = "<group>"; };
		B7BD3A3A2ED41CD0005A016F /* UserDefaultsService.swift */ = {isa = PBXFileReference; lastKnownFileType = sourcecode.swift; path = UserDefaultsService.swift; sourceTree = "<group>"; };
		CCA8C77E212609C0F89C2ADC /* CallLogListView.swift */ = {isa = PBXFileReference; includeInIndex = 1; lastKnownFileType = sourcecode.swift; path = MonicaClient/Features/CallLogging/Views/CallLogListView.swift; sourceTree = SOURCE_ROOT; };
		EA9C14D52460EB28BBEF4625 /* CallLogEntity+CoreDataClass.swift */ = {isa = PBXFileReference; includeInIndex = 1; lastKnownFileType = sourcecode.swift; path = "CallLogEntity+CoreDataClass.swift"; sourceTree = "<group>"; };
		F04370B2505784C419C296B3 /* CallLogStorage.swift */ = {isa = PBXFileReference; includeInIndex = 1; lastKnownFileType = sourcecode.swift; name = CallLogStorage.swift; path = MonicaClient/Features/CallLogging/Services/CallLogStorage.swift; sourceTree = SOURCE_ROOT; };
/* End PBXFileReference section */

/* Begin PBXFrameworksBuildPhase section */
		1A2B3C462B1E5F6701234567 /* Frameworks */ = {
			isa = PBXFrameworksBuildPhase;
			buildActionMask = 2147483647;
			files = (
			);
			runOnlyForDeploymentPostprocessing = 0;
		};
/* End PBXFrameworksBuildPhase section */

/* Begin PBXGroup section */
		164CEA9D1998B897297B6D6B /* Views */ = {
			isa = PBXGroup;
			children = (
				21E448CEEAD1A6020DAF0B52 /* CallLogFormView.swift */,
				A403EE4E5BAA49C8CFA47C07 /* CallLogRowView.swift */,
				CCA8C77E212609C0F89C2ADC /* CallLogListView.swift */,
			);
			name = Views;
			sourceTree = "<group>";
		};
		1A2B3C402B1E5F6701234567 = {
			isa = PBXGroup;
			children = (
				1A2B3C4B2B1E5F6701234567 /* MonicaClient */,
				1A2B3C4A2B1E5F6701234567 /* Products */,
			);
			sourceTree = "<group>";
		};
		1A2B3C4A2B1E5F6701234567 /* Products */ = {
			isa = PBXGroup;
			children = (
				1A2B3C492B1E5F6701234567 /* MonicaClient.app */,
			);
			name = Products;
			sourceTree = "<group>";
		};
		1A2B3C4B2B1E5F6701234567 /* MonicaClient */ = {
			isa = PBXGroup;
			children = (
				B7BD3A242ED41C5B005A016F /* AddressManagement */,
				1A2B3C4C2B1E5F6701234567 /* MonicaClientApp.swift */,
				1A2B3C4E2B1E5F6701234567 /* ContentView.swift */,
				1A2B3C702B1E5FF301234567 /* Views */,
				1A2B3C712B1E5FFE01234567 /* Models */,
				1A2B3C722B1E600901234567 /* Services */,
				1A2B3C732B1E601401234567 /* Data */,
				1A2B3C742B1E601F01234567 /* Utilities */,
				1A2B3C502B1E5F6901234567 /* Assets.xcassets */,
				1A2B3C6E2B1E5FE801234567 /* Info.plist */,
				1A2B3C522B1E5F6901234567 /* Preview Content */,
				EE29BD2B282D48EE17246B43 /* Features */,
			);
			path = MonicaClient;
			sourceTree = "<group>";
		};
		1A2B3C522B1E5F6901234567 /* Preview Content */ = {
			isa = PBXGroup;
			children = (
				1A2B3C532B1E5F6901234567 /* Preview Assets.xcassets */,
			);
			path = "Preview Content";
			sourceTree = "<group>";
		};
		1A2B3C702B1E5FF301234567 /* Views */ = {
			isa = PBXGroup;
			children = (
				B7BD39DD2ECD7790005A016F /* ContactAvatar.swift */,
				B7BD39DE2ECD7790005A016F /* ContactFieldsManagementView.swift */,
				B7BD39E72ECD7790005A016F /* RemindersListView.swift */,
				B7BD39EB2ECD7790005A016F /* SettingsView.swift */,
				1A2B3C642B1E5FB101234567 /* LoginView.swift */,
				1A2B3C602B1E5F9B01234567 /* ContactsListView.swift */,
				1A2B3C622B1E5FA601234567 /* ContactDetailView.swift */,
			);
			path = Views;
			sourceTree = "<group>";
		};
		1A2B3C712B1E5FFE01234567 /* Models */ = {
			isa = PBXGroup;
			children = (
				B7BD3A2D2ED41C85005A016F /* Address.swift */,
				B7BD3A2E2ED41C85005A016F /* Country.swift */,
				B7BD3A172ECD7CBB005A016F /* Activity.swift */,
				B7BD3A112ECD7A7C005A016F /* APIResponse.swift */,
				B7BD3A0F2ECD7A4F005A016F /* Note.swift */,
				B7BD3A0B2ECD7A45005A016F /* Gift.swift */,
				B7BD3A0C2ECD7A45005A016F /* Task.swift */,
				B7BD3A032ECD781E005A016F /* Reminder.swift */,
				1A2B3C5C2B1E5F8501234567 /* Contact.swift */,
				1A2B3C6E2B1E5FEE01234567 /* ContactEntity+CoreDataClass.swift */,
				1A2B3C702B1E5FF901234567 /* ContactEntity+CoreDataProperties.swift */,
				EA9C14D52460EB28BBEF4625 /* CallLogEntity+CoreDataClass.swift */,
				910D5A127D5777A8CE22E373 /* CallLogEntity+CoreDataProperties.swift */,
				0F0F930D08B7A237F1C0BE18 /* CallLog.swift */,
			);
			path = Models;
			sourceTree = "<group>";
		};
		1A2B3C722B1E600901234567 /* Services */ = {
			isa = PBXGroup;
			children = (
				B7BD3A3B2ED41CD0005A016F /* Storage */,
				B7BD3A312ED41CB3005A016F /* GeocodingService.swift */,
				1A2B3C5A2B1E5F7A01234567 /* MonicaAPIClient.swift */,
				1A2B3C5E2B1E5F9001234567 /* AuthenticationManager.swift */,
				1A2B3C6A2B1E5FD201234567 /* SyncManager.swift */,
			);
			path = Services;
			sourceTree = "<group>";
		};
		1A2B3C732B1E601401234567 /* Data */ = {
			isa = PBXGroup;
			children = (
				1A2B3C662B1E5FBC01234567 /* DataController.swift */,
				1A2B3C682B1E5FC701234567 /* MonicaClient.xcdatamodeld */,
			);
			path = Data;
			sourceTree = "<group>";
		};
		1A2B3C742B1E601F01234567 /* Utilities */ = {
			isa = PBXGroup;
			children = (
				B7BD3A332ED41CC0005A016F /* AddressFormatter.swift */,
				B7BD3A152ECD7BE8005A016F /* Extensions.swift */,
				B7BD3A132ECD7AC2005A016F /* AuthenticatedAsyncImage.swift */,
				1A2B3C6C2B1E5FDD01234567 /* KeychainManager.swift */,
				24AD824B156B02A62A1E7F32 /* EmotionalState.swift */,
			);
			path = Utilities;
			sourceTree = "<group>";
		};
		7844D5CEE6BB91609FBB1969 /* Services */ = {
			isa = PBXGroup;
			children = (
				F04370B2505784C419C296B3 /* CallLogStorage.swift */,
				1BBCAC5606D6009F4464B260 /* CallLogAPIService.swift */,
			);
			name = Services;
			sourceTree = "<group>";
		};
		B7BD3A1C2ED41C5B005A016F /* ViewModels */ = {
			isa = PBXGroup;
			children = (
				B7BD3A1A2ED41C5B005A016F /* AddressFormViewModel.swift */,
				B7BD3A1B2ED41C5B005A016F /* AddressViewModel.swift */,
			);
			path = ViewModels;
			sourceTree = "<group>";
		};
		B7BD3A232ED41C5B005A016F /* Views */ = {
			isa = PBXGroup;
			children = (
				B7BD3A1D2ED41C5B005A016F /* AddressEmptyStateView.swift */,
				B7BD3A1E2ED41C5B005A016F /* AddressFormView.swift */,
				B7BD3A1F2ED41C5B005A016F /* AddressListView.swift */,
				B7BD3A202ED41C5B005A016F /* AddressMapView.swift */,
				B7BD3A212ED41C5B005A016F /* AddressRowView.swift */,
				B7BD3A222ED41C5B005A016F /* CountryPickerView.swift */,
			);
			path = Views;
			sourceTree = "<group>";
		};
		B7BD3A242ED41C5B005A016F /* AddressManagement */ = {
			isa = PBXGroup;
			children = (
				B7BD3A1C2ED41C5B005A016F /* ViewModels */,
				B7BD3A232ED41C5B005A016F /* Views */,
			);
			path = Features/AddressManagement;
			sourceTree = "<group>";
		};
		B7BD3A3B2ED41CD0005A016F /* Storage */ = {
			isa = PBXGroup;
			children = (
				B7BD3A362ED41CD0005A016F /* CacheService.swift */,
				B7BD3A382ED41CD0005A016F /* KeychainService.swift */,
				B7BD3A3A2ED41CD0005A016F /* UserDefaultsService.swift */,
			);
			path = Storage;
			sourceTree = "<group>";
		};
		B95F568C21C8ED9A6815250F /* CallLogging */ = {
			isa = PBXGroup;
			children = (
				FC81AD71AA112CD1E25A93D1 /* ViewModels */,
				164CEA9D1998B897297B6D6B /* Views */,
				7844D5CEE6BB91609FBB1969 /* Services */,
			);
			name = CallLogging;
			sourceTree = "<group>";
		};
		EE29BD2B282D48EE17246B43 /* Features */ = {
			isa = PBXGroup;
			children = (
				B95F568C21C8ED9A6815250F /* CallLogging */,
			);
			name = Features;
			sourceTree = "<group>";
		};
		FC81AD71AA112CD1E25A93D1 /* ViewModels */ = {
			isa = PBXGroup;
			children = (
				1C2CAD1CE78A3403F6B3A06C /* CallLogViewModel.swift */,
			);
			name = ViewModels;
			sourceTree = "<group>";
		};
/* End PBXGroup section */

/* Begin PBXNativeTarget section */
		1A2B3C482B1E5F6701234567 /* MonicaClient */ = {
			isa = PBXNativeTarget;
			buildConfigurationList = 1A2B3C572B1E5F6901234567 /* Build configuration list for PBXNativeTarget "MonicaClient" */;
			buildPhases = (
				1A2B3C452B1E5F6701234567 /* Sources */,
				1A2B3C462B1E5F6701234567 /* Frameworks */,
				1A2B3C472B1E5F6701234567 /* Resources */,
			);
			buildRules = (
			);
			dependencies = (
			);
			name = MonicaClient;
			productName = MonicaClient;
			productReference = 1A2B3C492B1E5F6701234567 /* MonicaClient.app */;
			productType = "com.apple.product-type.application";
		};
/* End PBXNativeTarget section */

/* Begin PBXProject section */
		1A2B3C412B1E5F6701234567 /* Project object */ = {
			isa = PBXProject;
			attributes = {
				BuildIndependentTargetsInParallel = 1;
				LastSwiftUpdateCheck = 1500;
				LastUpgradeCheck = 1500;
				TargetAttributes = {
					1A2B3C482B1E5F6701234567 = {
						CreatedOnToolsVersion = 15.0;
					};
				};
			};
			buildConfigurationList = 1A2B3C442B1E5F6701234567 /* Build configuration list for PBXProject "K" */;
			compatibilityVersion = "Xcode 14.0";
			developmentRegion = en;
			hasScannedForEncodings = 0;
			knownRegions = (
				en,
				Base,
			);
			mainGroup = 1A2B3C402B1E5F6701234567;
			productRefGroup = 1A2B3C4A2B1E5F6701234567 /* Products */;
			projectDirPath = "";
			projectRoot = "";
			targets = (
				1A2B3C482B1E5F6701234567 /* MonicaClient */,
			);
		};
/* End PBXProject section */

/* Begin PBXResourcesBuildPhase section */
		1A2B3C472B1E5F6701234567 /* Resources */ = {
			isa = PBXResourcesBuildPhase;
			buildActionMask = 2147483647;
			files = (
				1A2B3C542B1E5F6901234567 /* Preview Assets.xcassets in Resources */,
				1A2B3C512B1E5F6901234567 /* Assets.xcassets in Resources */,
				1A2B3C692B1E5FC701234567 /* MonicaClient.xcdatamodeld in Resources */,
			);
			runOnlyForDeploymentPostprocessing = 0;
		};
/* End PBXResourcesBuildPhase section */

/* Begin PBXSourcesBuildPhase section */
		1A2B3C452B1E5F6701234567 /* Sources */ = {
			isa = PBXSourcesBuildPhase;
			buildActionMask = 2147483647;
			files = (
				1A2B3C4F2B1E5F6701234567 /* ContentView.swift in Sources */,
				1A2B3C612B1E5F9B01234567 /* ContactsListView.swift in Sources */,
				B7BD3A102ECD7A4F005A016F /* Note.swift in Sources */,
				1A2B3C632B1E5FA601234567 /* ContactDetailView.swift in Sources */,
				1A2B3C652B1E5FB101234567 /* LoginView.swift in Sources */,
				B7BD3A122ECD7A7C005A016F /* APIResponse.swift in Sources */,
				B7BD3A252ED41C5B005A016F /* AddressViewModel.swift in Sources */,
				B7BD3A262ED41C5B005A016F /* AddressListView.swift in Sources */,
				B7BD3A272ED41C5B005A016F /* AddressFormView.swift in Sources */,
				B7BD3A282ED41C5B005A016F /* AddressFormViewModel.swift in Sources */,
				B7BD3A292ED41C5B005A016F /* AddressMapView.swift in Sources */,
				B7BD3A2A2ED41C5B005A016F /* AddressEmptyStateView.swift in Sources */,
				B7BD3A2F2ED41C85005A016F /* Country.swift in Sources */,
				B7BD3A302ED41C85005A016F /* Address.swift in Sources */,
				B7BD3A2B2ED41C5B005A016F /* AddressRowView.swift in Sources */,
				B7BD3A2C2ED41C5B005A016F /* CountryPickerView.swift in Sources */,
				1A2B3C5B2B1E5F7A01234567 /* MonicaAPIClient.swift in Sources */,
				B7BD3A322ED41CB3005A016F /* GeocodingService.swift in Sources */,
				1A2B3C5D2B1E5F8501234567 /* Contact.swift in Sources */,
				B7BD39F12ECD7791005A016F /* ContactFieldsManagementView.swift in Sources */,
				B7BD3A052ECD781E005A016F /* Reminder.swift in Sources */,
				B7BD39F62ECD7791005A016F /* ContactAvatar.swift in Sources */,
				B7BD3A0D2ECD7A45005A016F /* Gift.swift in Sources */,
				B7BD3A0E2ECD7A45005A016F /* Task.swift in Sources */,
				B7BD39F82ECD7791005A016F /* RemindersListView.swift in Sources */,
				B7BD39F92ECD7791005A016F /* SettingsView.swift in Sources */,
				B7BD3A342ED41CC0005A016F /* AddressFormatter.swift in Sources */,
				1A2B3C5F2B1E5F9001234567 /* AuthenticationManager.swift in Sources */,
				1A2B3C672B1E5FBC01234567 /* DataController.swift in Sources */,
				B7BD3A142ECD7AC2005A016F /* AuthenticatedAsyncImage.swift in Sources */,
				1A2B3C6B2B1E5FD201234567 /* SyncManager.swift in Sources */,
				B7BD3A162ECD7BE8005A016F /* Extensions.swift in Sources */,
				1A2B3C6D2B1E5FDD01234567 /* KeychainManager.swift in Sources */,
				1A2B3C6F2B1E5FEE01234567 /* ContactEntity+CoreDataClass.swift in Sources */,
				B7BD3A182ECD7CBB005A016F /* Activity.swift in Sources */,
				1A2B3C712B1E5FF901234567 /* ContactEntity+CoreDataProperties.swift in Sources */,
				1A2B3C4D2B1E5F6701234567 /* MonicaClientApp.swift in Sources */,
				B7BD3A352ED41CD0005A016F /* CacheService.swift in Sources */,
				B7BD3A372ED41CD0005A016F /* KeychainService.swift in Sources */,
				B7BD3A392ED41CD0005A016F /* UserDefaultsService.swift in Sources */,
				FE6618C5DA878D3BC7D6C67C /* CallLogEntity+CoreDataClass.swift in Sources */,
				241B7F3235805C76CCB46367 /* CallLogEntity+CoreDataProperties.swift in Sources */,
				FC63C9DDF46775E23D95791D /* EmotionalState.swift in Sources */,
				8AE7BDD3D84FF3AA3FD4C56D /* CallLogStorage.swift in Sources */,
				AC5AD08D9A393E570B4C3A02 /* CallLogAPIService.swift in Sources */,
				F1FB6FF46432060B56870643 /* CallLog.swift in Sources */,
				29120D965A06242FD7FAF8D6 /* CallLogViewModel.swift in Sources */,
				3B1CB61F2749BE0720AC10C3 /* CallLogFormView.swift in Sources */,
				EA801FD028219F338899892A /* CallLogRowView.swift in Sources */,
				0E893B61F5093C87FDE79D69 /* CallLogListView.swift in Sources */,
			);
			runOnlyForDeploymentPostprocessing = 0;
		};
/* End PBXSourcesBuildPhase section */

/* Begin XCBuildConfiguration section */
		1A2B3C552B1E5F6901234567 /* Debug */ = {
			isa = XCBuildConfiguration;
			buildSettings = {
				ALWAYS_SEARCH_USER_PATHS = NO;
				ASSETCATALOG_COMPILER_GENERATE_SWIFT_ASSET_SYMBOL_EXTENSIONS = YES;
				CLANG_ANALYZER_NONNULL = YES;
				CLANG_ANALYZER_NUMBER_OBJECT_CONVERSION = YES_AGGRESSIVE;
				CLANG_CXX_LANGUAGE_STANDARD = "gnu++20";
				CLANG_ENABLE_MODULES = YES;
				CLANG_ENABLE_OBJC_ARC = YES;
				CLANG_ENABLE_OBJC_WEAK = YES;
				CLANG_WARN_BLOCK_CAPTURE_AUTORELEASING = YES;
				CLANG_WARN_BOOL_CONVERSION = YES;
				CLANG_WARN_COMMA = YES;
				CLANG_WARN_CONSTANT_CONVERSION = YES;
				CLANG_WARN_DEPRECATED_OBJC_IMPLEMENTATIONS = YES;
				CLANG_WARN_DIRECT_OBJC_ISA_USAGE = YES_ERROR;
				CLANG_WARN_DOCUMENTATION_COMMENTS = YES;
				CLANG_WARN_EMPTY_BODY = YES;
				CLANG_WARN_ENUM_CONVERSION = YES;
				CLANG_WARN_INFINITE_RECURSION = YES;
				CLANG_WARN_INT_CONVERSION = YES;
				CLANG_WARN_NON_LITERAL_NULL_CONVERSION = YES;
				CLANG_WARN_OBJC_IMPLICIT_RETAIN_SELF = YES;
				CLANG_WARN_OBJC_LITERAL_CONVERSION = YES;
				CLANG_WARN_OBJC_ROOT_CLASS = YES_ERROR;
				CLANG_WARN_QUOTED_INCLUDE_IN_FRAMEWORK_HEADER = YES;
				CLANG_WARN_RANGE_LOOP_ANALYSIS = YES;
				CLANG_WARN_STRICT_PROTOTYPES = YES;
				CLANG_WARN_SUSPICIOUS_MOVE = YES;
				CLANG_WARN_UNGUARDED_AVAILABILITY = YES_AGGRESSIVE;
				CLANG_WARN_UNREACHABLE_CODE = YES;
				CLANG_WARN__DUPLICATE_METHOD_MATCH = YES;
				COPY_PHASE_STRIP = NO;
				DEBUG_INFORMATION_FORMAT = dwarf;
				ENABLE_STRICT_OBJC_MSGSEND = YES;
				ENABLE_TESTABILITY = YES;
				ENABLE_USER_SCRIPT_SANDBOXING = YES;
				GCC_C_LANGUAGE_STANDARD = gnu17;
				GCC_DYNAMIC_NO_PIC = NO;
				GCC_NO_COMMON_BLOCKS = YES;
				GCC_OPTIMIZATION_LEVEL = 0;
				GCC_PREPROCESSOR_DEFINITIONS = (
					"DEBUG=1",
					"$(inherited)",
				);
				GCC_WARN_64_TO_32_BIT_CONVERSION = YES;
				GCC_WARN_ABOUT_RETURN_TYPE = YES_ERROR;
				GCC_WARN_UNDECLARED_SELECTOR = YES;
				GCC_WARN_UNINITIALIZED_AUTOS = YES_AGGRESSIVE;
				GCC_WARN_UNUSED_FUNCTION = YES;
				GCC_WARN_UNUSED_VARIABLE = YES;
				IPHONEOS_DEPLOYMENT_TARGET = 16.0;
				LOCALIZATION_PREFERS_STRING_CATALOGS = YES;
				MTL_ENABLE_DEBUG_INFO = INCLUDE_SOURCE;
				MTL_FAST_MATH = YES;
				ONLY_ACTIVE_ARCH = YES;
				SDKROOT = iphoneos;
				SWIFT_ACTIVE_COMPILATION_CONDITIONS = "DEBUG $(inherited)";
				SWIFT_OPTIMIZATION_LEVEL = "-Onone";
			};
			name = Debug;
		};
		1A2B3C562B1E5F6901234567 /* Release */ = {
			isa = XCBuildConfiguration;
			buildSettings = {
				ALWAYS_SEARCH_USER_PATHS = NO;
				ASSETCATALOG_COMPILER_GENERATE_SWIFT_ASSET_SYMBOL_EXTENSIONS = YES;
				CLANG_ANALYZER_NONNULL = YES;
				CLANG_ANALYZER_NUMBER_OBJECT_CONVERSION = YES_AGGRESSIVE;
				CLANG_CXX_LANGUAGE_STANDARD = "gnu++20";
				CLANG_ENABLE_MODULES = YES;
				CLANG_ENABLE_OBJC_ARC = YES;
				CLANG_ENABLE_OBJC_WEAK = YES;
				CLANG_WARN_BLOCK_CAPTURE_AUTORELEASING = YES;
				CLANG_WARN_BOOL_CONVERSION = YES;
				CLANG_WARN_COMMA = YES;
				CLANG_WARN_CONSTANT_CONVERSION = YES;
				CLANG_WARN_DEPRECATED_OBJC_IMPLEMENTATIONS = YES;
				CLANG_WARN_DIRECT_OBJC_ISA_USAGE = YES_ERROR;
				CLANG_WARN_DOCUMENTATION_COMMENTS = YES;
				CLANG_WARN_EMPTY_BODY = YES;
				CLANG_WARN_ENUM_CONVERSION = YES;
				CLANG_WARN_INFINITE_RECURSION = YES;
				CLANG_WARN_INT_CONVERSION = YES;
				CLANG_WARN_NON_LITERAL_NULL_CONVERSION = YES;
				CLANG_WARN_OBJC_IMPLICIT_RETAIN_SELF = YES;
				CLANG_WARN_OBJC_LITERAL_CONVERSION = YES;
				CLANG_WARN_OBJC_ROOT_CLASS = YES_ERROR;
				CLANG_WARN_QUOTED_INCLUDE_IN_FRAMEWORK_HEADER = YES;
				CLANG_WARN_RANGE_LOOP_ANALYSIS = YES;
				CLANG_WARN_STRICT_PROTOTYPES = YES;
				CLANG_WARN_SUSPICIOUS_MOVE = YES;
				CLANG_WARN_UNGUARDED_AVAILABILITY = YES_AGGRESSIVE;
				CLANG_WARN_UNREACHABLE_CODE = YES;
				CLANG_WARN__DUPLICATE_METHOD_MATCH = YES;
				COPY_PHASE_STRIP = NO;
				DEBUG_INFORMATION_FORMAT = "dwarf-with-dsym";
				ENABLE_NS_ASSERTIONS = NO;
				ENABLE_STRICT_OBJC_MSGSEND = YES;
				ENABLE_USER_SCRIPT_SANDBOXING = YES;
				GCC_C_LANGUAGE_STANDARD = gnu17;
				GCC_NO_COMMON_BLOCKS = YES;
				GCC_WARN_64_TO_32_BIT_CONVERSION = YES;
				GCC_WARN_ABOUT_RETURN_TYPE = YES_ERROR;
				GCC_WARN_UNDECLARED_SELECTOR = YES;
				GCC_WARN_UNINITIALIZED_AUTOS = YES_AGGRESSIVE;
				GCC_WARN_UNUSED_FUNCTION = YES;
				GCC_WARN_UNUSED_VARIABLE = YES;
				IPHONEOS_DEPLOYMENT_TARGET = 16.0;
				LOCALIZATION_PREFERS_STRING_CATALOGS = YES;
				MTL_ENABLE_DEBUG_INFO = NO;
				MTL_FAST_MATH = YES;
				SDKROOT = iphoneos;
				SWIFT_COMPILATION_MODE = wholemodule;
				VALIDATE_PRODUCT = YES;
			};
			name = Release;
		};
		1A2B3C582B1E5F6901234567 /* Debug */ = {
			isa = XCBuildConfiguration;
			buildSettings = {
				ASSETCATALOG_COMPILER_APPICON_NAME = AppIcon;
				ASSETCATALOG_COMPILER_GLOBAL_ACCENT_COLOR_NAME = AccentColor;
				CODE_SIGN_STYLE = Automatic;
				CURRENT_PROJECT_VERSION = 1;
				DEVELOPMENT_ASSET_PATHS = "\"MonicaClient/Preview Content\"";
				ENABLE_PREVIEWS = YES;
				GENERATE_INFOPLIST_FILE = YES;
				INFOPLIST_FILE = MonicaClient/Info.plist;
				INFOPLIST_KEY_UIApplicationSceneManifest_Generation = YES;
				INFOPLIST_KEY_UIApplicationSupportsIndirectInputEvents = YES;
				INFOPLIST_KEY_UILaunchScreen_Generation = YES;
				INFOPLIST_KEY_UISupportedInterfaceOrientations_iPad = "UIInterfaceOrientationPortrait UIInterfaceOrientationPortraitUpsideDown UIInterfaceOrientationLandscapeLeft UIInterfaceOrientationLandscapeRight";
				INFOPLIST_KEY_UISupportedInterfaceOrientations_iPhone = "UIInterfaceOrientationPortrait UIInterfaceOrientationLandscapeLeft UIInterfaceOrientationLandscapeRight";
				IPHONEOS_DEPLOYMENT_TARGET = 16.0;
				LD_RUNPATH_SEARCH_PATHS = (
					"$(inherited)",
					"@executable_path/Frameworks",
				);
				MARKETING_VERSION = 1.0;
				PRODUCT_BUNDLE_IDENTIFIER = com.monicahq.MonicaClient;
				PRODUCT_NAME = "$(TARGET_NAME)";
				SWIFT_EMIT_LOC_STRINGS = YES;
				SWIFT_VERSION = 5.0;
				TARGETED_DEVICE_FAMILY = "1,2";
			};
			name = Debug;
		};
		1A2B3C592B1E5F6901234567 /* Release */ = {
			isa = XCBuildConfiguration;
			buildSettings = {
				ASSETCATALOG_COMPILER_APPICON_NAME = AppIcon;
				ASSETCATALOG_COMPILER_GLOBAL_ACCENT_COLOR_NAME = AccentColor;
				CODE_SIGN_STYLE = Automatic;
				CURRENT_PROJECT_VERSION = 1;
				DEVELOPMENT_ASSET_PATHS = "\"MonicaClient/Preview Content\"";
				ENABLE_PREVIEWS = YES;
				GENERATE_INFOPLIST_FILE = YES;
				INFOPLIST_FILE = MonicaClient/Info.plist;
				INFOPLIST_KEY_UIApplicationSceneManifest_Generation = YES;
				INFOPLIST_KEY_UIApplicationSupportsIndirectInputEvents = YES;
				INFOPLIST_KEY_UILaunchScreen_Generation = YES;
				INFOPLIST_KEY_UISupportedInterfaceOrientations_iPad = "UIInterfaceOrientationPortrait UIInterfaceOrientationPortraitUpsideDown UIInterfaceOrientationLandscapeLeft UIInterfaceOrientationLandscapeRight";
				INFOPLIST_KEY_UISupportedInterfaceOrientations_iPhone = "UIInterfaceOrientationPortrait UIInterfaceOrientationLandscapeLeft UIInterfaceOrientationLandscapeRight";
				IPHONEOS_DEPLOYMENT_TARGET = 16.0;
				LD_RUNPATH_SEARCH_PATHS = (
					"$(inherited)",
					"@executable_path/Frameworks",
				);
				MARKETING_VERSION = 1.0;
				PRODUCT_BUNDLE_IDENTIFIER = com.monicahq.MonicaClient;
				PRODUCT_NAME = "$(TARGET_NAME)";
				SWIFT_EMIT_LOC_STRINGS = YES;
				SWIFT_VERSION = 5.0;
				TARGETED_DEVICE_FAMILY = "1,2";
			};
			name = Release;
		};
/* End XCBuildConfiguration section */

/* Begin XCConfigurationList section */
		1A2B3C442B1E5F6701234567 /* Build configuration list for PBXProject "K" */ = {
			isa = XCConfigurationList;
			buildConfigurations = (
				1A2B3C552B1E5F6901234567 /* Debug */,
				1A2B3C562B1E5F6901234567 /* Release */,
			);
			defaultConfigurationIsVisible = 0;
			defaultConfigurationName = Release;
		};
		1A2B3C572B1E5F6901234567 /* Build configuration list for PBXNativeTarget "MonicaClient" */ = {
			isa = XCConfigurationList;
			buildConfigurations = (
				1A2B3C582B1E5F6901234567 /* Debug */,
				1A2B3C592B1E5F6901234567 /* Release */,
			);
			defaultConfigurationIsVisible = 0;
			defaultConfigurationName = Release;
		};
/* End XCConfigurationList section */

/* Begin XCVersionGroup section */
		1A2B3C682B1E5FC701234567 /* MonicaClient.xcdatamodeld */ = {
			isa = XCVersionGroup;
			children = (
			);
			path = MonicaClient.xcdatamodeld;
			sourceTree = "<group>";
			versionGroupType = wrapper.xcdatamodel;
		};
/* End XCVersionGroup section */
	};
	rootObject = 1A2B3C412B1E5F6701234567 /* Project object */;
}
